Microsoft Visual Studio Solution File, Format Version 12.00
# Visual Studio Version 17
VisualStudioVersion = 17.5.2.0
MinimumVisualStudioVersion = 10.0.40219.1
Project("{FAE04EC0-301F-11D3-BF4B-00C04F79EFBC}") = "ArrayLists", "ArrayLists.csproj", "{0D9B20C2-EF8D-D40A-4130-BE1B72F97A39}"
EndProject
Global
	GlobalSection(SolutionConfigurationPlatforms) = preSolution
		Debug|Any CPU = Debug|Any CPU
		Release|Any CPU = Release|Any CPU
	EndGlobalSection
	GlobalSection(ProjectConfigurationPlatforms) = postSolution
		{0D9B20C2-EF8D-D40A-4130-BE1B72F97A39}.Debug|Any CPU.ActiveCfg = Debug|Any CPU
		{0D9B20C2-EF8D-D40A-4130-BE1B72F97A39}.Debug|Any CPU.Build.0 = Debug|Any CPU
		{0D9B20C2-EF8D-D40A-4130-BE1B72F97A39}.Release|Any CPU.ActiveCfg = Release|Any CPU
		{0D9B20C2-EF8D-D40A-4130-BE1B72F97A39}.Release|Any CPU.Build.0 = Release|Any CPU
	EndGlobalSection
	GlobalSection(SolutionProperties) = preSolution
		HideSolutionNode = FALSE
	EndGlobalSection
	GlobalSection(ExtensibilityGlobals) = postSolution
		SolutionGuid = {08011033-F100-4D7E-8E32-4A6B419510D1}
	EndGlobalSection
EndGlobal
